
Microsoft Visual Studio Solution File, Format Version 12.00
# Visual Studio Version 16
VisualStudioVersion = 16.0.30320.27
MinimumVisualStudioVersion = 10.0.40219.1
Project("{FAE04EC0-301F-11D3-BF4B-00C04F79EFBC}") = "DISample", "DISample\DISample.csproj", "{D1B4B784-0BF9-463C-B56A-FED2B992AF8C}"
EndProject
Global
	GlobalSection(SolutionConfigurationPlatforms) = preSolution
		Debug|Any CPU = Debug|Any CPU
		Release|Any CPU = Release|Any CPU
	EndGlobalSection
	GlobalSection(ProjectConfigurationPlatforms) = postSolution
		{D1B4B784-0BF9-463C-B56A-FED2B992AF8C}.Debug|Any CPU.ActiveCfg = Debug|Any CPU
		{D1B4B784-0BF9-463C-B56A-FED2B992AF8C}.Debug|Any CPU.Build.0 = Debug|Any CPU
		{D1B4B784-0BF9-463C-B56A-FED2B992AF8C}.Release|Any CPU.ActiveCfg = Release|Any CPU
		{D1B4B784-0BF9-463C-B56A-FED2B992AF8C}.Release|Any CPU.Build.0 = Release|Any CPU
	EndGlobalSection
	GlobalSection(SolutionProperties) = preSolution
		HideSolutionNode = FALSE
	EndGlobalSection
	GlobalSection(ExtensibilityGlobals) = postSolution
		SolutionGuid = {178BCC96-D767-4B33-BA10-5CE4E28FE942}
	EndGlobalSection
EndGlobal
